Microsoft Visual Studio Solution File, Format Version 12.00
# Visual Studio Version 17
VisualStudioVersion = 17.5.2.0
MinimumVisualStudioVersion = 10.0.40219.1
Project("{FAE04EC0-301F-11D3-BF4B-00C04F79EFBC}") = "GianMarco", "GianMarco\GianMarco.csproj", "{BF7F12CB-1A56-7B29-D3C9-86E174427230}"
EndProject
Project("{FAE04EC0-301F-11D3-BF4B-00C04F79EFBC}") = "SebLagueChessChallenge", "SebLagueChessChallenge\SebLagueChessChallenge.csproj", "{D65A7054-6940-F7F0-8041-068104397CA7}"
EndProject
Global
	GlobalSection(SolutionConfigurationPlatforms) = preSolution
		Debug|Any CPU = Debug|Any CPU
		Release|Any CPU = Release|Any CPU
	EndGlobalSection
	GlobalSection(ProjectConfigurationPlatforms) = postSolution
		{BF7F12CB-1A56-7B29-D3C9-86E174427230}.Debug|Any CPU.ActiveCfg = Debug|Any CPU
		{BF7F12CB-1A56-7B29-D3C9-86E174427230}.Debug|Any CPU.Build.0 = Debug|Any CPU
		{BF7F12CB-1A56-7B29-D3C9-86E174427230}.Release|Any CPU.ActiveCfg = Release|Any CPU
		{BF7F12CB-1A56-7B29-D3C9-86E174427230}.Release|Any CPU.Build.0 = Release|Any CPU
		{D65A7054-6940-F7F0-8041-068104397CA7}.Debug|Any CPU.ActiveCfg = Debug|Any CPU
		{D65A7054-6940-F7F0-8041-068104397CA7}.Debug|Any CPU.Build.0 = Debug|Any CPU
		{D65A7054-6940-F7F0-8041-068104397CA7}.Release|Any CPU.ActiveCfg = Release|Any CPU
		{D65A7054-6940-F7F0-8041-068104397CA7}.Release|Any CPU.Build.0 = Release|Any CPU
	EndGlobalSection
	GlobalSection(SolutionProperties) = preSolution
		HideSolutionNode = FALSE
	EndGlobalSection
	GlobalSection(ExtensibilityGlobals) = postSolution
		SolutionGuid = {C3631E87-52CD-4459-B7FB-AD9C0D0C0144}
	EndGlobalSection
EndGlobal
